// !$*UTF8*$!
{
	archiveVersion = 1;
	classes = {
	};
	objectVersion = 50;
	objects = {

/* Begin PBXBuildFile section */
		1B6FE7A72865AAA10000D95D /* AppDelegate.swift in Sources */ = {isa = PBXBuildFile; fileRef = 1B6FE7A62865AAA10000D95D /* AppDelegate.swift */; };
		1B6FE7AB2865AAA10000D95D /* MainViewController.swift in Sources */ = {isa = PBXBuildFile; fileRef = 1B6FE7AA2865AAA10000D95D /* MainViewController.swift */; };
		1B6FE7B02865AAA50000D95D /* Assets.xcassets in Resources */ = {isa = PBXBuildFile; fileRef = 1B6FE7AF2865AAA50000D95D /* Assets.xcassets */; };
		1B6FE7B32865AAA50000D95D /* LaunchScreen.storyboard in Resources */ = {isa = PBXBuildFile; fileRef = 1B6FE7B12865AAA50000D95D /* LaunchScreen.storyboard */; };
		1B6FE7BE2865AAA50000D95D /* GuessTheNumberTestTaskTests.swift in Sources */ = {isa = PBXBuildFile; fileRef = 1B6FE7BD2865AAA50000D95D /* GuessTheNumberTestTaskTests.swift */; };
		1B6FE7C92865AAA60000D95D /* GuessTheNumberTestTaskUITests.swift in Sources */ = {isa = PBXBuildFile; fileRef = 1B6FE7C82865AAA60000D95D /* GuessTheNumberTestTaskUITests.swift */; };
		1B6FE8072865C8FE0000D95D /* Builder.swift in Sources */ = {isa = PBXBuildFile; fileRef = 1B6FE8062865C8FE0000D95D /* Builder.swift */; };
		1B6FE80C2865C9460000D95D /* Router.swift in Sources */ = {isa = PBXBuildFile; fileRef = 1B6FE80B2865C9460000D95D /* Router.swift */; };
		1B6FE8192865CB140000D95D /* MainPresenter.swift in Sources */ = {isa = PBXBuildFile; fileRef = 1B6FE8182865CB140000D95D /* MainPresenter.swift */; };
		1B6FE8352865DDCB0000D95D /* UIButton+Ext.swift in Sources */ = {isa = PBXBuildFile; fileRef = 1B6FE8342865DDCB0000D95D /* UIButton+Ext.swift */; };
		1B6FE83A2865E3690000D95D /* UILabel+Ext.swift in Sources */ = {isa = PBXBuildFile; fileRef = 1B6FE8392865E3690000D95D /* UILabel+Ext.swift */; };
		55DCE82C98C7862593396662 /* Pods_GuessTheNumberTestTask.framework in Frameworks */ = {isa = PBXBuildFile; fileRef = A9F1EFD0EB432013AF4A1C19 /* Pods_GuessTheNumberTestTask.framework */; };
		6C0225D7C142A43E4FD64930 /* Pods_GuessTheNumberTestTaskTests.framework in Frameworks */ = {isa = PBXBuildFile; fileRef = 25787601BF2E1069B89CCFA3 /* Pods_GuessTheNumberTestTaskTests.framework */; };
		93D53915ECFDCA7179AE3CAE /* Pods_GuessTheNumberTestTask_GuessTheNumberTestTaskUITests.framework in Frameworks */ = {isa = PBXBuildFile; fileRef = 0B164074596658C17FE9C38C /* Pods_GuessTheNumberTestTask_GuessTheNumberTestTaskUITests.framework */; };
/* End PBXBuildFile section */

/* Begin PBXContainerItemProxy section */
		1B6FE7BA2865AAA50000D95D /* PBXContainerItemProxy */ = {
			isa = PBXContainerItemProxy;
			containerPortal = 1B6FE79B2865AAA10000D95D /* Project object */;
			proxyType = 1;
			remoteGlobalIDString = 1B6FE7A22865AAA10000D95D;
			remoteInfo = GuessTheNumberTestTask;
		};
		1B6FE7C52865AAA60000D95D /* PBXContainerItemProxy */ = {
			isa = PBXContainerItemProxy;
			containerPortal = 1B6FE79B2865AAA10000D95D /* Project object */;
			proxyType = 1;
			remoteGlobalIDString = 1B6FE7A22865AAA10000D95D;
			remoteInfo = GuessTheNumberTestTask;
		};
/* End PBXContainerItemProxy section */

/* Begin PBXFileReference section */
		0195F9DEFD3F427DBFC35D11 /* Pods-GuessTheNumberTestTaskTests.debug.xcconfig */ = {isa = PBXFileReference; includeInIndex = 1; lastKnownFileType = text.xcconfig; name = "Pods-GuessTheNumberTestTaskTests.debug.xcconfig"; path = "Target Support Files/Pods-GuessTheNumberTestTaskTests/Pods-GuessTheNumberTestTaskTests.debug.xcconfig"; sourceTree = "<group>"; };
		0B164074596658C17FE9C38C /* Pods_GuessTheNumberTestTask_GuessTheNumberTestTaskUITests.framework */ = {isa = PBXFileReference; explicitFileType = wrapper.framework; includeInIndex = 0; path = Pods_GuessTheNumberTestTask_GuessTheNumberTestTaskUITests.framework; sourceTree = BUILT_PRODUCTS_DIR; };
		1B6FE7A32865AAA10000D95D /* GuessTheNumberTestTask.app */ = {isa = PBXFileReference; explicitFileType = wrapper.application; includeInIndex = 0; path = GuessTheNumberTestTask.app; sourceTree = BUILT_PRODUCTS_DIR; };
		1B6FE7A62865AAA10000D95D /* AppDelegate.swift */ = {isa = PBXFileReference; lastKnownFileType = sourcecode.swift; path = AppDelegate.swift; sourceTree = "<group>"; };
		1B6FE7AA2865AAA10000D95D /* MainViewController.swift */ = {isa = PBXFileReference; lastKnownFileType = sourcecode.swift; path = MainViewController.swift; sourceTree = "<group>"; };
		1B6FE7AF2865AAA50000D95D /* Assets.xcassets */ = {isa = PBXFileReference; lastKnownFileType = folder.assetcatalog; path = Assets.xcassets; sourceTree = "<group>"; };
		1B6FE7B22865AAA50000D95D /* Base */ = {isa = PBXFileReference; lastKnownFileType = file.storyboard; name = Base; path = Base.lproj/LaunchScreen.storyboard; sourceTree = "<group>"; };
		1B6FE7B42865AAA50000D95D /* Info.plist */ = {isa = PBXFileReference; lastKnownFileType = text.plist.xml; path = Info.plist; sourceTree = "<group>"; };
		1B6FE7B92865AAA50000D95D /* GuessTheNumberTestTaskTests.xctest */ = {isa = PBXFileReference; explicitFileType = wrapper.cfbundle; includeInIndex = 0; path = GuessTheNumberTestTaskTests.xctest; sourceTree = BUILT_PRODUCTS_DIR; };
		1B6FE7BD2865AAA50000D95D /* GuessTheNumberTestTaskTests.swift */ = {isa = PBXFileReference; lastKnownFileType = sourcecode.swift; path = GuessTheNumberTestTaskTests.swift; sourceTree = "<group>"; };
		1B6FE7BF2865AAA50000D95D /* Info.plist */ = {isa = PBXFileReference; lastKnownFileType = text.plist.xml; path = Info.plist; sourceTree = "<group>"; };
		1B6FE7C42865AAA60000D95D /* GuessTheNumberTestTaskUITests.xctest */ = {isa = PBXFileReference; explicitFileType = wrapper.cfbundle; includeInIndex = 0; path = GuessTheNumberTestTaskUITests.xctest; sourceTree = BUILT_PRODUCTS_DIR; };
		1B6FE7C82865AAA60000D95D /* GuessTheNumberTestTaskUITests.swift */ = {isa = PBXFileReference; lastKnownFileType = sourcecode.swift; path = GuessTheNumberTestTaskUITests.swift; sourceTree = "<group>"; };
		1B6FE7CA2865AAA60000D95D /* Info.plist */ = {isa = PBXFileReference; lastKnownFileType = text.plist.xml; path = Info.plist; sourceTree = "<group>"; };
		1B6FE8062865C8FE0000D95D /* Builder.swift */ = {isa = PBXFileReference; lastKnownFileType = sourcecode.swift; path = Builder.swift; sourceTree = "<group>"; };
		1B6FE80B2865C9460000D95D /* Router.swift */ = {isa = PBXFileReference; lastKnownFileType = sourcecode.swift; path = Router.swift; sourceTree = "<group>"; };
		1B6FE8182865CB140000D95D /* MainPresenter.swift */ = {isa = PBXFileReference; lastKnownFileType = sourcecode.swift; path = MainPresenter.swift; sourceTree = "<group>"; };
		1B6FE8342865DDCB0000D95D /* UIButton+Ext.swift */ = {isa = PBXFileReference; lastKnownFileType = sourcecode.swift; path = "UIButton+Ext.swift"; sourceTree = "<group>"; };
		1B6FE8392865E3690000D95D /* UILabel+Ext.swift */ = {isa = PBXFileReference; lastKnownFileType = sourcecode.swift; path = "UILabel+Ext.swift"; sourceTree = "<group>"; };
		20042282439D80F92C2E297C /* Pods-GuessTheNumberTestTaskTests.release.xcconfig */ = {isa = PBXFileReference; includeInIndex = 1; lastKnownFileType = text.xcconfig; name = "Pods-GuessTheNumberTestTaskTests.release.xcconfig"; path = "Target Support Files/Pods-GuessTheNumberTestTaskTests/Pods-GuessTheNumberTestTaskTests.release.xcconfig"; sourceTree = "<group>"; };
		25787601BF2E1069B89CCFA3 /* Pods_GuessTheNumberTestTaskTests.framework */ = {isa = PBXFileReference; explicitFileType = wrapper.framework; includeInIndex = 0; path = Pods_GuessTheNumberTestTaskTests.framework; sourceTree = BUILT_PRODUCTS_DIR; };
		850C6C79592026AE65CB6E2F /* Pods-GuessTheNumberTestTask-GuessTheNumberTestTaskUITests.release.xcconfig */ = {isa = PBXFileReference; includeInIndex = 1; lastKnownFileType = text.xcconfig; name = "Pods-GuessTheNumberTestTask-GuessTheNumberTestTaskUITests.release.xcconfig"; path = "Target Support Files/Pods-GuessTheNumberTestTask-GuessTheNumberTestTaskUITests/Pods-GuessTheNumberTestTask-GuessTheNumberTestTaskUITests.release.xcconfig"; sourceTree = "<group>"; };
		86AD43DC6E927DAE632BC561 /* Pods-GuessTheNumberTestTask.release.xcconfig */ = {isa = PBXFileReference; includeInIndex = 1; lastKnownFileType = text.xcconfig; name = "Pods-GuessTheNumberTestTask.release.xcconfig"; path = "Target Support Files/Pods-GuessTheNumberTestTask/Pods-GuessTheNumberTestTask.release.xcconfig"; sourceTree = "<group>"; };
		99C9B87E8C756AEE1FD71F4A /* Pods-GuessTheNumberTestTask-GuessTheNumberTestTaskUITests.debug.xcconfig */ = {isa = PBXFileReference; includeInIndex = 1; lastKnownFileType = text.xcconfig; name = "Pods-GuessTheNumberTestTask-GuessTheNumberTestTaskUITests.debug.xcconfig"; path = "Target Support Files/Pods-GuessTheNumberTestTask-GuessTheNumberTestTaskUITests/Pods-GuessTheNumberTestTask-GuessTheNumberTestTaskUITests.debug.xcconfig"; sourceTree = "<group>"; };
		A6CE868A39D51E4CE55956C0 /* Pods-GuessTheNumberTestTask.debug.xcconfig */ = {isa = PBXFileReference; includeInIndex = 1; lastKnownFileType = text.xcconfig; name = "Pods-GuessTheNumberTestTask.debug.xcconfig"; path = "Target Support Files/Pods-GuessTheNumberTestTask/Pods-GuessTheNumberTestTask.debug.xcconfig"; sourceTree = "<group>"; };
		A9F1EFD0EB432013AF4A1C19 /* Pods_GuessTheNumberTestTask.framework */ = {isa = PBXFileReference; explicitFileType = wrapper.framework; includeInIndex = 0; path = Pods_GuessTheNumberTestTask.framework; sourceTree = BUILT_PRODUCTS_DIR; };
/* End PBXFileReference section */

/* Begin PBXFrameworksBuildPhase section */
		1B6FE7A02865AAA10000D95D /* Frameworks */ = {
			isa = PBXFrameworksBuildPhase;
			buildActionMask = 2147483647;
			files = (
				55DCE82C98C7862593396662 /* Pods_GuessTheNumberTestTask.framework in Frameworks */,
			);
			runOnlyForDeploymentPostprocessing = 0;
		};
		1B6FE7B62865AAA50000D95D /* Frameworks */ = {
			isa = PBXFrameworksBuildPhase;
			buildActionMask = 2147483647;
			files = (
				6C0225D7C142A43E4FD64930 /* Pods_GuessTheNumberTestTaskTests.framework in Frameworks */,
			);
			runOnlyForDeploymentPostprocessing = 0;
		};
		1B6FE7C12865AAA60000D95D /* Frameworks */ = {
			isa = PBXFrameworksBuildPhase;
			buildActionMask = 2147483647;
			files = (
				93D53915ECFDCA7179AE3CAE /* Pods_GuessTheNumberTestTask_GuessTheNumberTestTaskUITests.framework in Frameworks */,
			);
			runOnlyForDeploymentPostprocessing = 0;
		};
/* End PBXFrameworksBuildPhase section */

/* Begin PBXGroup section */
		1B6FE79A2865AAA10000D95D = {
			isa = PBXGroup;
			children = (
				1B6FE7A52865AAA10000D95D /* GuessTheNumberTestTask */,
				1B6FE7BC2865AAA50000D95D /* GuessTheNumberTestTaskTests */,
				1B6FE7C72865AAA60000D95D /* GuessTheNumberTestTaskUITests */,
				1B6FE7A42865AAA10000D95D /* Products */,
				EF78E7F480458C9C07552C08 /* Pods */,
				4EA15CFD5B10BA70312B4999 /* Frameworks */,
			);
			sourceTree = "<group>";
		};
		1B6FE7A42865AAA10000D95D /* Products */ = {
			isa = PBXGroup;
			children = (
				1B6FE7A32865AAA10000D95D /* GuessTheNumberTestTask.app */,
				1B6FE7B92865AAA50000D95D /* GuessTheNumberTestTaskTests.xctest */,
				1B6FE7C42865AAA60000D95D /* GuessTheNumberTestTaskUITests.xctest */,
			);
			name = Products;
			sourceTree = "<group>";
		};
		1B6FE7A52865AAA10000D95D /* GuessTheNumberTestTask */ = {
			isa = PBXGroup;
			children = (
				1B6FE7A62865AAA10000D95D /* AppDelegate.swift */,
				1B6FE8062865C8FE0000D95D /* Builder.swift */,
				1B6FE80B2865C9460000D95D /* Router.swift */,
				1B6FE83E2865E4780000D95D /* Extensions */,
				1B6FE8102865C96F0000D95D /* MainModule */,
				1B6FE7AF2865AAA50000D95D /* Assets.xcassets */,
				1B6FE7B12865AAA50000D95D /* LaunchScreen.storyboard */,
				1B6FE7B42865AAA50000D95D /* Info.plist */,
			);
			path = GuessTheNumberTestTask;
			sourceTree = "<group>";
		};
		1B6FE7BC2865AAA50000D95D /* GuessTheNumberTestTaskTests */ = {
			isa = PBXGroup;
			children = (
				1B6FE7BD2865AAA50000D95D /* GuessTheNumberTestTaskTests.swift */,
				1B6FE7BF2865AAA50000D95D /* Info.plist */,
			);
			path = GuessTheNumberTestTaskTests;
			sourceTree = "<group>";
		};
		1B6FE7C72865AAA60000D95D /* GuessTheNumberTestTaskUITests */ = {
			isa = PBXGroup;
			children = (
				1B6FE7C82865AAA60000D95D /* GuessTheNumberTestTaskUITests.swift */,
				1B6FE7CA2865AAA60000D95D /* Info.plist */,
			);
			path = GuessTheNumberTestTaskUITests;
			sourceTree = "<group>";
		};
		1B6FE8102865C96F0000D95D /* MainModule */ = {
			isa = PBXGroup;
			children = (
				1B6FE8142865C9950000D95D /* View */,
				1B6FE81D2865CB1E0000D95D /* Presenter */,
			);
			path = MainModule;
			sourceTree = "<group>";
		};
		1B6FE8142865C9950000D95D /* View */ = {
			isa = PBXGroup;
			children = (
				1B6FE7AA2865AAA10000D95D /* MainViewController.swift */,
			);
			path = View;
			sourceTree = "<group>";
		};
		1B6FE81D2865CB1E0000D95D /* Presenter */ = {
			isa = PBXGroup;
			children = (
				1B6FE8182865CB140000D95D /* MainPresenter.swift */,
			);
			path = Presenter;
			sourceTree = "<group>";
		};
		1B6FE83E2865E4780000D95D /* Extensions */ = {
			isa = PBXGroup;
			children = (
				1B6FE8392865E3690000D95D /* UILabel+Ext.swift */,
				1B6FE8342865DDCB0000D95D /* UIButton+Ext.swift */,
			);
			path = Extensions;
			sourceTree = "<group>";
		};
		4EA15CFD5B10BA70312B4999 /* Frameworks */ = {
			isa = PBXGroup;
			children = (
				A9F1EFD0EB432013AF4A1C19 /* Pods_GuessTheNumberTestTask.framework */,
				0B164074596658C17FE9C38C /* Pods_GuessTheNumberTestTask_GuessTheNumberTestTaskUITests.framework */,
				25787601BF2E1069B89CCFA3 /* Pods_GuessTheNumberTestTaskTests.framework */,
			);
			name = Frameworks;
			sourceTree = "<group>";
		};
		EF78E7F480458C9C07552C08 /* Pods */ = {
			isa = PBXGroup;
			children = (
				A6CE868A39D51E4CE55956C0 /* Pods-GuessTheNumberTestTask.debug.xcconfig */,
				86AD43DC6E927DAE632BC561 /* Pods-GuessTheNumberTestTask.release.xcconfig */,
				99C9B87E8C756AEE1FD71F4A /* Pods-GuessTheNumberTestTask-GuessTheNumberTestTaskUITests.debug.xcconfig */,
				850C6C79592026AE65CB6E2F /* Pods-GuessTheNumberTestTask-GuessTheNumberTestTaskUITests.release.xcconfig */,
				0195F9DEFD3F427DBFC35D11 /* Pods-GuessTheNumberTestTaskTests.debug.xcconfig */,
				20042282439D80F92C2E297C /* Pods-GuessTheNumberTestTaskTests.release.xcconfig */,
			);
			path = Pods;
			sourceTree = "<group>";
		};
/* End PBXGroup section */

/* Begin PBXNativeTarget section */
		1B6FE7A22865AAA10000D95D /* GuessTheNumberTestTask */ = {
			isa = PBXNativeTarget;
			buildConfigurationList = 1B6FE7CD2865AAA60000D95D /* Build configuration list for PBXNativeTarget "GuessTheNumberTestTask" */;
			buildPhases = (
				F24CE69D06CF88A252CBEDAF /* [CP] Check Pods Manifest.lock */,
				1B6FE7E92865B19F0000D95D /* ShellScript */,
				1B6FE79F2865AAA10000D95D /* Sources */,
				1B6FE7A02865AAA10000D95D /* Frameworks */,
				1B6FE7A12865AAA10000D95D /* Resources */,
			);
			buildRules = (
			);
			dependencies = (
			);
			name = GuessTheNumberTestTask;
			productName = GuessTheNumberTestTask;
			productReference = 1B6FE7A32865AAA10000D95D /* GuessTheNumberTestTask.app */;
			productType = "com.apple.product-type.application";
		};
		1B6FE7B82865AAA50000D95D /* GuessTheNumberTestTaskTests */ = {
			isa = PBXNativeTarget;
			buildConfigurationList = 1B6FE7D02865AAA60000D95D /* Build configuration list for PBXNativeTarget "GuessTheNumberTestTaskTests" */;
			buildPhases = (
				3A0AB5CA20D106F8151E6521 /* [CP] Check Pods Manifest.lock */,
				1B6FE7B52865AAA50000D95D /* Sources */,
				1B6FE7B62865AAA50000D95D /* Frameworks */,
				1B6FE7B72865AAA50000D95D /* Resources */,
			);
			buildRules = (
			);
			dependencies = (
				1B6FE7BB2865AAA50000D95D /* PBXTargetDependency */,
			);
			name = GuessTheNumberTestTaskTests;
			productName = GuessTheNumberTestTaskTests;
			productReference = 1B6FE7B92865AAA50000D95D /* GuessTheNumberTestTaskTests.xctest */;
			productType = "com.apple.product-type.bundle.unit-test";
		};
		1B6FE7C32865AAA60000D95D /* GuessTheNumberTestTaskUITests */ = {
			isa = PBXNativeTarget;
			buildConfigurationList = 1B6FE7D32865AAA60000D95D /* Build configuration list for PBXNativeTarget "GuessTheNumberTestTaskUITests" */;
			buildPhases = (
				F58A683A42014A631D6E950D /* [CP] Check Pods Manifest.lock */,
				1B6FE7C02865AAA60000D95D /* Sources */,
				1B6FE7C12865AAA60000D95D /* Frameworks */,
				1B6FE7C22865AAA60000D95D /* Resources */,
			);
			buildRules = (
			);
			dependencies = (
				1B6FE7C62865AAA60000D95D /* PBXTargetDependency */,
			);
			name = GuessTheNumberTestTaskUITests;
			productName = GuessTheNumberTestTaskUITests;
			productReference = 1B6FE7C42865AAA60000D95D /* GuessTheNumberTestTaskUITests.xctest */;
			productType = "com.apple.product-type.bundle.ui-testing";
		};
/* End PBXNativeTarget section */

/* Begin PBXProject section */
		1B6FE79B2865AAA10000D95D /* Project object */ = {
			isa = PBXProject;
			attributes = {
				LastSwiftUpdateCheck = 1240;
				LastUpgradeCheck = 1240;
				TargetAttributes = {
					1B6FE7A22865AAA10000D95D = {
						CreatedOnToolsVersion = 12.4;
					};
					1B6FE7B82865AAA50000D95D = {
						CreatedOnToolsVersion = 12.4;
						TestTargetID = 1B6FE7A22865AAA10000D95D;
					};
					1B6FE7C32865AAA60000D95D = {
						CreatedOnToolsVersion = 12.4;
						TestTargetID = 1B6FE7A22865AAA10000D95D;
					};
				};
			};
			buildConfigurationList = 1B6FE79E2865AAA10000D95D /* Build configuration list for PBXProject "GuessTheNumberTestTask" */;
			compatibilityVersion = "Xcode 9.3";
			developmentRegion = en;
			hasScannedForEncodings = 0;
			knownRegions = (
				en,
				Base,
			);
			mainGroup = 1B6FE79A2865AAA10000D95D;
			productRefGroup = 1B6FE7A42865AAA10000D95D /* Products */;
			projectDirPath = "";
			projectRoot = "";
			targets = (
				1B6FE7A22865AAA10000D95D /* GuessTheNumberTestTask */,
				1B6FE7B82865AAA50000D95D /* GuessTheNumberTestTaskTests */,
				1B6FE7C32865AAA60000D95D /* GuessTheNumberTestTaskUITests */,
			);
		};
/* End PBXProject section */

/* Begin PBXResourcesBuildPhase section */
		1B6FE7A12865AAA10000D95D /* Resources */ = {
			isa = PBXResourcesBuildPhase;
			buildActionMask = 2147483647;
			files = (
				1B6FE7B32865AAA50000D95D /* LaunchScreen.storyboard in Resources */,
				1B6FE7B02865AAA50000D95D /* Assets.xcassets in Resources */,
			);
			runOnlyForDeploymentPostprocessing = 0;
		};
		1B6FE7B72865AAA50000D95D /* Resources */ = {
			isa = PBXResourcesBuildPhase;
			buildActionMask = 2147483647;
			files = (
			);
			runOnlyForDeploymentPostprocessing = 0;
		};
		1B6FE7C22865AAA60000D95D /* Resources */ = {
			isa = PBXResourcesBuildPhase;
			buildActionMask = 2147483647;
			files = (
			);
			runOnlyForDeploymentPostprocessing = 0;
		};
/* End PBXResourcesBuildPhase section */

/* Begin PBXShellScriptBuildPhase section */
		1B6FE7E92865B19F0000D95D /* ShellScript */ = {
			isa = PBXShellScriptBuildPhase;
			buildActionMask = 2147483647;
			files = (
			);
			inputFileListPaths = (
			);
			inputPaths = (
			);
			outputFileListPaths = (
			);
			outputPaths = (
			);
			runOnlyForDeploymentPostprocessing = 0;
			shellPath = /bin/sh;
			shellScript = "\"${PODS_ROOT}/SwiftLint/swiftlint\"\n";
		};
		3A0AB5CA20D106F8151E6521 /* [CP] Check Pods Manifest.lock */ = {
			isa = PBXShellScriptBuildPhase;
			buildActionMask = 2147483647;
			files = (
			);
			inputFileListPaths = (
			);
			inputPaths = (
				"${PODS_PODFILE_DIR_PATH}/Podfile.lock",
				"${PODS_ROOT}/Manifest.lock",
			);
			name = "[CP] Check Pods Manifest.lock";
			outputFileListPaths = (
			);
			outputPaths = (
				"$(DERIVED_FILE_DIR)/Pods-GuessTheNumberTestTaskTests-checkManifestLockResult.txt",
			);
			runOnlyForDeploymentPostprocessing = 0;
			shellPath = /bin/sh;
			shellScript = "diff \"${PODS_PODFILE_DIR_PATH}/Podfile.lock\" \"${PODS_ROOT}/Manifest.lock\" > /dev/null\nif [ $? != 0 ] ; then\n    # print error to STDERR\n    echo \"error: The sandbox is not in sync with the Podfile.lock. Run 'pod install' or update your CocoaPods installation.\" >&2\n    exit 1\nfi\n# This output is used by Xcode 'outputs' to avoid re-running this script phase.\necho \"SUCCESS\" > \"${SCRIPT_OUTPUT_FILE_0}\"\n";
			showEnvVarsInLog = 0;
		};
		F24CE69D06CF88A252CBEDAF /* [CP] Check Pods Manifest.lock */ = {
			isa = PBXShellScriptBuildPhase;
			buildActionMask = 2147483647;
			files = (
			);
			inputFileListPaths = (
			);
			inputPaths = (
				"${PODS_PODFILE_DIR_PATH}/Podfile.lock",
				"${PODS_ROOT}/Manifest.lock",
			);
			name = "[CP] Check Pods Manifest.lock";
			outputFileListPaths = (
			);
			outputPaths = (
				"$(DERIVED_FILE_DIR)/Pods-GuessTheNumberTestTask-checkManifestLockResult.txt",
			);
			runOnlyForDeploymentPostprocessing = 0;
			shellPath = /bin/sh;
			shellScript = "diff \"${PODS_PODFILE_DIR_PATH}/Podfile.lock\" \"${PODS_ROOT}/Manifest.lock\" > /dev/null\nif [ $? != 0 ] ; then\n    # print error to STDERR\n    echo \"error: The sandbox is not in sync with the Podfile.lock. Run 'pod install' or update your CocoaPods installation.\" >&2\n    exit 1\nfi\n# This output is used by Xcode 'outputs' to avoid re-running this script phase.\necho \"SUCCESS\" > \"${SCRIPT_OUTPUT_FILE_0}\"\n";
			showEnvVarsInLog = 0;
		};
		F58A683A42014A631D6E950D /* [CP] Check Pods Manifest.lock */ = {
			isa = PBXShellScriptBuildPhase;
			buildActionMask = 2147483647;
			files = (
			);
			inputFileListPaths = (
			);
			inputPaths = (
				"${PODS_PODFILE_DIR_PATH}/Podfile.lock",
				"${PODS_ROOT}/Manifest.lock",
			);
			name = "[CP] Check Pods Manifest.lock";
			outputFileListPaths = (
			);
			outputPaths = (
				"$(DERIVED_FILE_DIR)/Pods-GuessTheNumberTestTask-GuessTheNumberTestTaskUITests-checkManifestLockResult.txt",
			);
			runOnlyForDeploymentPostprocessing = 0;
			shellPath = /bin/sh;
			shellScript = "diff \"${PODS_PODFILE_DIR_PATH}/Podfile.lock\" \"${PODS_ROOT}/Manifest.lock\" > /dev/null\nif [ $? != 0 ] ; then\n    # print error to STDERR\n    echo \"error: The sandbox is not in sync with the Podfile.lock. Run 'pod install' or update your CocoaPods installation.\" >&2\n    exit 1\nfi\n# This output is used by Xcode 'outputs' to avoid re-running this script phase.\necho \"SUCCESS\" > \"${SCRIPT_OUTPUT_FILE_0}\"\n";
			showEnvVarsInLog = 0;
		};
/* End PBXShellScriptBuildPhase section */

/* Begin PBXSourcesBuildPhase section */
		1B6FE79F2865AAA10000D95D /* Sources */ = {
			isa = PBXSourcesBuildPhase;
			buildActionMask = 2147483647;
			files = (
				1B6FE8192865CB140000D95D /* MainPresenter.swift in Sources */,
				1B6FE80C2865C9460000D95D /* Router.swift in Sources */,
				1B6FE7AB2865AAA10000D95D /* MainViewController.swift in Sources */,
				1B6FE7A72865AAA10000D95D /* AppDelegate.swift in Sources */,
				1B6FE8072865C8FE0000D95D /* Builder.swift in Sources */,
				1B6FE8352865DDCB0000D95D /* UIButton+Ext.swift in Sources */,
				1B6FE83A2865E3690000D95D /* UILabel+Ext.swift in Sources */,
			);
			runOnlyForDeploymentPostprocessing = 0;
		};
		1B6FE7B52865AAA50000D95D /* Sources */ = {
			isa = PBXSourcesBuildPhase;
			buildActionMask = 2147483647;
			files = (
				1B6FE7BE2865AAA50000D95D /* GuessTheNumberTestTaskTests.swift in Sources */,
			);
			runOnlyForDeploymentPostprocessing = 0;
		};
		1B6FE7C02865AAA60000D95D /* Sources */ = {
			isa = PBXSourcesBuildPhase;
			buildActionMask = 2147483647;
			files = (
				1B6FE7C92865AAA60000D95D /* GuessTheNumberTestTaskUITests.swift in Sources */,
			);
			runOnlyForDeploymentPostprocessing = 0;
		};
/* End PBXSourcesBuildPhase section */

/* Begin PBXTargetDependency section */
		1B6FE7BB2865AAA50000D95D /* PBXTargetDependency */ = {
			isa = PBXTargetDependency;
			target = 1B6FE7A22865AAA10000D95D /* GuessTheNumberTestTask */;
			targetProxy = 1B6FE7BA2865AAA50000D95D /* PBXContainerItemProxy */;
		};
		1B6FE7C62865AAA60000D95D /* PBXTargetDependency */ = {
			isa = PBXTargetDependency;
			target = 1B6FE7A22865AAA10000D95D /* GuessTheNumberTestTask */;
			targetProxy = 1B6FE7C52865AAA60000D95D /* PBXContainerItemProxy */;
		};
/* End PBXTargetDependency section */

/* Begin PBXVariantGroup section */
		1B6FE7B12865AAA50000D95D /* LaunchScreen.storyboard */ = {
			isa = PBXVariantGroup;
			children = (
				1B6FE7B22865AAA50000D95D /* Base */,
			);
			name = LaunchScreen.storyboard;
			sourceTree = "<group>";
		};
/* End PBXVariantGroup section */

/* Begin XCBuildConfiguration section */
		1B6FE7CB2865AAA60000D95D /* Debug */ = {
			isa = XCBuildConfiguration;
			buildSettings = {
				ALWAYS_SEARCH_USER_PATHS = NO;
				CLANG_ANALYZER_NONNULL = YES;
				CLANG_ANALYZER_NUMBER_OBJECT_CONVERSION = YES_AGGRESSIVE;
				CLANG_CXX_LANGUAGE_STANDARD = "gnu++14";
				CLANG_CXX_LIBRARY = "libc++";
				CLANG_ENABLE_MODULES = YES;
				CLANG_ENABLE_OBJC_ARC = YES;
				CLANG_ENABLE_OBJC_WEAK = YES;
				CLANG_WARN_BLOCK_CAPTURE_AUTORELEASING = YES;
				CLANG_WARN_BOOL_CONVERSION = YES;
				CLANG_WARN_COMMA = YES;
				CLANG_WARN_CONSTANT_CONVERSION = YES;
				CLANG_WARN_DEPRECATED_OBJC_IMPLEMENTATIONS = YES;
				CLANG_WARN_DIRECT_OBJC_ISA_USAGE = YES_ERROR;
				CLANG_WARN_DOCUMENTATION_COMMENTS = YES;
				CLANG_WARN_EMPTY_BODY = YES;
				CLANG_WARN_ENUM_CONVERSION = YES;
				CLANG_WARN_INFINITE_RECURSION = YES;
				CLANG_WARN_INT_CONVERSION = YES;
				CLANG_WARN_NON_LITERAL_NULL_CONVERSION = YES;
				CLANG_WARN_OBJC_IMPLICIT_RETAIN_SELF = YES;
				CLANG_WARN_OBJC_LITERAL_CONVERSION = YES;
				CLANG_WARN_OBJC_ROOT_CLASS = YES_ERROR;
				CLANG_WARN_QUOTED_INCLUDE_IN_FRAMEWORK_HEADER = YES;
				CLANG_WARN_RANGE_LOOP_ANALYSIS = YES;
				CLANG_WARN_STRICT_PROTOTYPES = YES;
				CLANG_WARN_SUSPICIOUS_MOVE = YES;
				CLANG_WARN_UNGUARDED_AVAILABILITY = YES_AGGRESSIVE;
				CLANG_WARN_UNREACHABLE_CODE = YES;
				CLANG_WARN__DUPLICATE_METHOD_MATCH = YES;
				COPY_PHASE_STRIP = NO;
				DEBUG_INFORMATION_FORMAT = dwarf;
				ENABLE_STRICT_OBJC_MSGSEND = YES;
				ENABLE_TESTABILITY = YES;
				GCC_C_LANGUAGE_STANDARD = gnu11;
				GCC_DYNAMIC_NO_PIC = NO;
				GCC_NO_COMMON_BLOCKS = YES;
				GCC_OPTIMIZATION_LEVEL = 0;
				GCC_PREPROCESSOR_DEFINITIONS = (
					"DEBUG=1",
					"$(inherited)",
				);
				GCC_WARN_64_TO_32_BIT_CONVERSION = YES;
				GCC_WARN_ABOUT_RETURN_TYPE = YES_ERROR;
				GCC_WARN_UNDECLARED_SELECTOR = YES;
				GCC_WARN_UNINITIALIZED_AUTOS = YES_AGGRESSIVE;
				GCC_WARN_UNUSED_FUNCTION = YES;
				GCC_WARN_UNUSED_VARIABLE = YES;
				IPHONEOS_DEPLOYMENT_TARGET = 14.4;
				MTL_ENABLE_DEBUG_INFO = INCLUDE_SOURCE;
				MTL_FAST_MATH = YES;
				ONLY_ACTIVE_ARCH = YES;
				SDKROOT = iphoneos;
				SWIFT_ACTIVE_COMPILATION_CONDITIONS = DEBUG;
				SWIFT_OPTIMIZATION_LEVEL = "-Onone";
			};
			name = Debug;
		};
		1B6FE7CC2865AAA60000D95D /* Release */ = {
			isa = XCBuildConfiguration;
			buildSettings = {
				ALWAYS_SEARCH_USER_PATHS = NO;
				CLANG_ANALYZER_NONNULL = YES;
				CLANG_ANALYZER_NUMBER_OBJECT_CONVERSION = YES_AGGRESSIVE;
				CLANG_CXX_LANGUAGE_STANDARD = "gnu++14";
				CLANG_CXX_LIBRARY = "libc++";
				CLANG_ENABLE_MODULES = YES;
				CLANG_ENABLE_OBJC_ARC = YES;
				CLANG_ENABLE_OBJC_WEAK = YES;
				CLANG_WARN_BLOCK_CAPTURE_AUTORELEASING = YES;
				CLANG_WARN_BOOL_CONVERSION = YES;
				CLANG_WARN_COMMA = YES;
				CLANG_WARN_CONSTANT_CONVERSION = YES;
				CLANG_WARN_DEPRECATED_OBJC_IMPLEMENTATIONS = YES;
				CLANG_WARN_DIRECT_OBJC_ISA_USAGE = YES_ERROR;
				CLANG_WARN_DOCUMENTATION_COMMENTS = YES;
				CLANG_WARN_EMPTY_BODY = YES;
				CLANG_WARN_ENUM_CONVERSION = YES;
				CLANG_WARN_INFINITE_RECURSION = YES;
				CLANG_WARN_INT_CONVERSION = YES;
				CLANG_WARN_NON_LITERAL_NULL_CONVERSION = YES;
				CLANG_WARN_OBJC_IMPLICIT_RETAIN_SELF = YES;
				CLANG_WARN_OBJC_LITERAL_CONVERSION = YES;
				CLANG_WARN_OBJC_ROOT_CLASS = YES_ERROR;
				CLANG_WARN_QUOTED_INCLUDE_IN_FRAMEWORK_HEADER = YES;
				CLANG_WARN_RANGE_LOOP_ANALYSIS = YES;
				CLANG_WARN_STRICT_PROTOTYPES = YES;
				CLANG_WARN_SUSPICIOUS_MOVE = YES;
				CLANG_WARN_UNGUARDED_AVAILABILITY = YES_AGGRESSIVE;
				CLANG_WARN_UNREACHABLE_CODE = YES;
				CLANG_WARN__DUPLICATE_METHOD_MATCH = YES;
				COPY_PHASE_STRIP = NO;
				DEBUG_INFORMATION_FORMAT = "dwarf-with-dsym";
				ENABLE_NS_ASSERTIONS = NO;
				ENABLE_STRICT_OBJC_MSGSEND = YES;
				GCC_C_LANGUAGE_STANDARD = gnu11;
				GCC_NO_COMMON_BLOCKS = YES;
				GCC_WARN_64_TO_32_BIT_CONVERSION = YES;
				GCC_WARN_ABOUT_RETURN_TYPE = YES_ERROR;
				GCC_WARN_UNDECLARED_SELECTOR = YES;
				GCC_WARN_UNINITIALIZED_AUTOS = YES_AGGRESSIVE;
				GCC_WARN_UNUSED_FUNCTION = YES;
				GCC_WARN_UNUSED_VARIABLE = YES;
				IPHONEOS_DEPLOYMENT_TARGET = 14.4;
				MTL_ENABLE_DEBUG_INFO = NO;
				MTL_FAST_MATH = YES;
				SDKROOT = iphoneos;
				SWIFT_COMPILATION_MODE = wholemodule;
				SWIFT_OPTIMIZATION_LEVEL = "-O";
				VALIDATE_PRODUCT = YES;
			};
			name = Release;
		};
		1B6FE7CE2865AAA60000D95D /* Debug */ = {
			isa = XCBuildConfiguration;
			baseConfigurationReference = A6CE868A39D51E4CE55956C0 /* Pods-GuessTheNumberTestTask.debug.xcconfig */;
			buildSettings = {
				ASSETCATALOG_COMPILER_APPICON_NAME = AppIcon;
				ASSETCATALOG_COMPILER_GLOBAL_ACCENT_COLOR_NAME = AccentColor;
				CODE_SIGN_STYLE = Automatic;
				INFOPLIST_FILE = GuessTheNumberTestTask/Info.plist;
				LD_RUNPATH_SEARCH_PATHS = (
					"$(inherited)",
					"@executable_path/Frameworks",
				);
				PRODUCT_BUNDLE_IDENTIFIER = Magomed.Nagoev.GuessTheNumberTestTask;
				PRODUCT_NAME = "$(TARGET_NAME)";
				SWIFT_VERSION = 5.0;
				TARGETED_DEVICE_FAMILY = "1,2";
			};
			name = Debug;
		};
		1B6FE7CF2865AAA60000D95D /* Release */ = {
			isa = XCBuildConfiguration;
			baseConfigurationReference = 86AD43DC6E927DAE632BC561 /* Pods-GuessTheNumberTestTask.release.xcconfig */;
			buildSettings = {
				ASSETCATALOG_COMPILER_APPICON_NAME = AppIcon;
				ASSETCATALOG_COMPILER_GLOBAL_ACCENT_COLOR_NAME = AccentColor;
				CODE_SIGN_STYLE = Automatic;
				INFOPLIST_FILE = GuessTheNumberTestTask/Info.plist;
				LD_RUNPATH_SEARCH_PATHS = (
					"$(inherited)",
					"@executable_path/Frameworks",
				);
				PRODUCT_BUNDLE_IDENTIFIER = Magomed.Nagoev.GuessTheNumberTestTask;
				PRODUCT_NAME = "$(TARGET_NAME)";
				SWIFT_VERSION = 5.0;
				TARGETED_DEVICE_FAMILY = "1,2";
			};
			name = Release;
		};
		1B6FE7D12865AAA60000D95D /* Debug */ = {
			isa = XCBuildConfiguration;
			baseConfigurationReference = 0195F9DEFD3F427DBFC35D11 /* Pods-GuessTheNumberTestTaskTests.debug.xcconfig */;
			buildSettings = {
				ALWAYS_EMBED_SWIFT_STANDARD_LIBRARIES = YES;
				BUNDLE_LOADER = "$(TEST_HOST)";
				CODE_SIGN_STYLE = Automatic;
				INFOPLIST_FILE = GuessTheNumberTestTaskTests/Info.plist;
				IPHONEOS_DEPLOYMENT_TARGET = 14.4;
				LD_RUNPATH_SEARCH_PATHS = (
					"$(inherited)",
					"@executable_path/Frameworks",
					"@loader_path/Frameworks",
				);
				PRODUCT_BUNDLE_IDENTIFIER = Magomed.Nagoev.GuessTheNumberTestTaskTests;
				PRODUCT_NAME = "$(TARGET_NAME)";
				SWIFT_VERSION = 5.0;
				TARGETED_DEVICE_FAMILY = "1,2";
				TEST_HOST = "$(BUILT_PRODUCTS_DIR)/GuessTheNumberTestTask.app/GuessTheNumberTestTask";
			};
			name = Debug;
		};
		1B6FE7D22865AAA60000D95D /* Release */ = {
			isa = XCBuildConfiguration;
			baseConfigurationReference = 20042282439D80F92C2E297C /* Pods-GuessTheNumberTestTaskTests.release.xcconfig */;
			buildSettings = {
				ALWAYS_EMBED_SWIFT_STANDARD_LIBRARIES = YES;
				BUNDLE_LOADER = "$(TEST_HOST)";
				CODE_SIGN_STYLE = Automatic;
				INFOPLIST_FILE = GuessTheNumberTestTaskTests/Info.plist;
				IPHONEOS_DEPLOYMENT_TARGET = 14.4;
				LD_RUNPATH_SEARCH_PATHS = (
					"$(inherited)",
					"@executable_path/Frameworks",
					"@loader_path/Frameworks",
				);
				PRODUCT_BUNDLE_IDENTIFIER = Magomed.Nagoev.GuessTheNumberTestTaskTests;
				PRODUCT_NAME = "$(TARGET_NAME)";
				SWIFT_VERSION = 5.0;
				TARGETED_DEVICE_FAMILY = "1,2";
				TEST_HOST = "$(BUILT_PRODUCTS_DIR)/GuessTheNumberTestTask.app/GuessTheNumberTestTask";
			};
			name = Release;
		};
		1B6FE7D42865AAA60000D95D /* Debug */ = {
			isa = XCBuildConfiguration;
			baseConfigurationReference = 99C9B87E8C756AEE1FD71F4A /* Pods-GuessTheNumberTestTask-GuessTheNumberTestTaskUITests.debug.xcconfig */;
			buildSettings = {
				ALWAYS_EMBED_SWIFT_STANDARD_LIBRARIES = YES;
				CODE_SIGN_STYLE = Automatic;
				INFOPLIST_FILE = GuessTheNumberTestTaskUITests/Info.plist;
				LD_RUNPATH_SEARCH_PATHS = (
					"$(inherited)",
					"@executable_path/Frameworks",
					"@loader_path/Frameworks",
				);
				PRODUCT_BUNDLE_IDENTIFIER = Magomed.Nagoev.GuessTheNumberTestTaskUITests;
				PRODUCT_NAME = "$(TARGET_NAME)";
				SWIFT_VERSION = 5.0;
				TARGETED_DEVICE_FAMILY = "1,2";
				TEST_TARGET_NAME = GuessTheNumberTestTask;
			};
			name = Debug;
		};
		1B6FE7D52865AAA60000D95D /* Release */ = {
			isa = XCBuildConfiguration;
			baseConfigurationReference = 850C6C79592026AE65CB6E2F /* Pods-GuessTheNumberTestTask-GuessTheNumberTestTaskUITests.release.xcconfig */;
			buildSettings = {
				ALWAYS_EMBED_SWIFT_STANDARD_LIBRARIES = YES;
				CODE_SIGN_STYLE = Automatic;
				INFOPLIST_FILE = GuessTheNumberTestTaskUITests/Info.plist;
				LD_RUNPATH_SEARCH_PATHS = (
					"$(inherited)",
					"@executable_path/Frameworks",
					"@loader_path/Frameworks",
				);
				PRODUCT_BUNDLE_IDENTIFIER = Magomed.Nagoev.GuessTheNumberTestTaskUITests;
				PRODUCT_NAME = "$(TARGET_NAME)";
				SWIFT_VERSION = 5.0;
				TARGETED_DEVICE_FAMILY = "1,2";
				TEST_TARGET_NAME = GuessTheNumberTestTask;
			};
			name = Release;
		};
/* End XCBuildConfiguration section */

/* Begin XCConfigurationList section */
		1B6FE79E2865AAA10000D95D /* Build configuration list for PBXProject "GuessTheNumberTestTask" */ = {
			isa = XCConfigurationList;
			buildConfigurations = (
				1B6FE7CB2865AAA60000D95D /* Debug */,
				1B6FE7CC2865AAA60000D95D /* Release */,
			);
			defaultConfigurationIsVisible = 0;
			defaultConfigurationName = Release;
		};
		1B6FE7CD2865AAA60000D95D /* Build configuration list for PBXNativeTarget "GuessTheNumberTestTask" */ = {
			isa = XCConfigurationList;
			buildConfigurations = (
				1B6FE7CE2865AAA60000D95D /* Debug */,
				1B6FE7CF2865AAA60000D95D /* Release */,
			);
			defaultConfigurationIsVisible = 0;
			defaultConfigurationName = Release;
		};
		1B6FE7D02865AAA60000D95D /* Build configuration list for PBXNativeTarget "GuessTheNumberTestTaskTests" */ = {
			isa = XCConfigurationList;
			buildConfigurations = (
				1B6FE7D12865AAA60000D95D /* Debug */,
				1B6FE7D22865AAA60000D95D /* Release */,
			);
			defaultConfigurationIsVisible = 0;
			defaultConfigurationName = Release;
		};
		1B6FE7D32865AAA60000D95D /* Build configuration list for PBXNativeTarget "GuessTheNumberTestTaskUITests" */ = {
			isa = XCConfigurationList;
			buildConfigurations = (
				1B6FE7D42865AAA60000D95D /* Debug */,
				1B6FE7D52865AAA60000D95D /* Release */,
			);
			defaultConfigurationIsVisible = 0;
			defaultConfigurationName = Release;
		};
/* End XCConfigurationList section */
	};
	rootObject = 1B6FE79B2865AAA10000D95D /* Project object */;
}
